
Microsoft Visual Studio Solution File, Format Version 12.00
# Visual Studio Version 16
VisualStudioVersion = 16.0.30907.101
MinimumVisualStudioVersion = 10.0.40219.1
Project("{FAE04EC0-301F-11D3-BF4B-00C04F79EFBC}") = "AlbumFotografico", "AlbumFotografico\AlbumFotografico.csproj", "{DB6BC762-A6C7-46B9-9947-264C35C4CA2F}"
EndProject
Project("{FAE04EC0-301F-11D3-BF4B-00C04F79EFBC}") = "AlbumFotografico.Backend", "AlbumFotografico.Backend\AlbumFotografico.Backend.csproj", "{93A4F409-D103-4DBC-9399-B0218B329521}"
EndProject
Global
	GlobalSection(SolutionConfigurationPlatforms) = preSolution
		Debug|Any CPU = Debug|Any CPU
		Release|Any CPU = Release|Any CPU
	EndGlobalSection
	GlobalSection(ProjectConfigurationPlatforms) = postSolution
		{DB6BC762-A6C7-46B9-9947-264C35C4CA2F}.Debug|Any CPU.ActiveCfg = Debug|Any CPU
		{DB6BC762-A6C7-46B9-9947-264C35C4CA2F}.Debug|Any CPU.Build.0 = Debug|Any CPU
		{DB6BC762-A6C7-46B9-9947-264C35C4CA2F}.Release|Any CPU.ActiveCfg = Release|Any CPU
		{DB6BC762-A6C7-46B9-9947-264C35C4CA2F}.Release|Any CPU.Build.0 = Release|Any CPU
		{93A4F409-D103-4DBC-9399-B0218B329521}.Debug|Any CPU.ActiveCfg = Debug|Any CPU
		{93A4F409-D103-4DBC-9399-B0218B329521}.Debug|Any CPU.Build.0 = Debug|Any CPU
		{93A4F409-D103-4DBC-9399-B0218B329521}.Release|Any CPU.ActiveCfg = Release|Any CPU
		{93A4F409-D103-4DBC-9399-B0218B329521}.Release|Any CPU.Build.0 = Release|Any CPU
	EndGlobalSection
	GlobalSection(SolutionProperties) = preSolution
		HideSolutionNode = FALSE
	EndGlobalSection
	GlobalSection(ExtensibilityGlobals) = postSolution
		SolutionGuid = {415C6008-88FD-4C90-A786-69B72B9191E4}
	EndGlobalSection
EndGlobal
